// !$*UTF8*$!
{
	archiveVersion = 1;
	classes = {
	};
	objectVersion = 56;
	objects = {

/* Begin PBXBuildFile section */
		8B2B03112938450300168A7A /* AppDelegate.swift in Sources */ = {isa = PBXBuildFile; fileRef = 8B2B03102938450300168A7A /* AppDelegate.swift */; };
		8B2B03132938450300168A7A /* SceneDelegate.swift in Sources */ = {isa = PBXBuildFile; fileRef = 8B2B03122938450300168A7A /* SceneDelegate.swift */; };
		8B2B03152938450300168A7A /* ViewController.swift in Sources */ = {isa = PBXBuildFile; fileRef = 8B2B03142938450300168A7A /* ViewController.swift */; };
		8B2B03182938450300168A7A /* Main.storyboard in Resources */ = {isa = PBXBuildFile; fileRef = 8B2B03162938450300168A7A /* Main.storyboard */; };
		8B2B031A2938450400168A7A /* Assets.xcassets in Resources */ = {isa = PBXBuildFile; fileRef = 8B2B03192938450400168A7A /* Assets.xcassets */; };
		8B2B031D2938450400168A7A /* LaunchScreen.storyboard in Resources */ = {isa = PBXBuildFile; fileRef = 8B2B031B2938450400168A7A /* LaunchScreen.storyboard */; };
		8B2B032B2938495000168A7A /* RegisterableView.swift in Sources */ = {isa = PBXBuildFile; fileRef = 8B2B03292938495000168A7A /* RegisterableView.swift */; };
		8B2B032C2938495000168A7A /* UICollectionView+Extension.swift in Sources */ = {isa = PBXBuildFile; fileRef = 8B2B032A2938495000168A7A /* UICollectionView+Extension.swift */; };
		8B2B033329385CE100168A7A /* Section.swift in Sources */ = {isa = PBXBuildFile; fileRef = 8B2B033229385CE100168A7A /* Section.swift */; };
		8B2B033529385CFA00168A7A /* Item.swift in Sources */ = {isa = PBXBuildFile; fileRef = 8B2B033429385CFA00168A7A /* Item.swift */; };
		8B2B033829386F6700168A7A /* HomeHeaderCell.swift in Sources */ = {isa = PBXBuildFile; fileRef = 8B2B033629386F6700168A7A /* HomeHeaderCell.swift */; };
		8B2B033929386F6700168A7A /* HomeHeaderCell.xib in Resources */ = {isa = PBXBuildFile; fileRef = 8B2B033729386F6700168A7A /* HomeHeaderCell.xib */; };
		8B2B033B2938C6B500168A7A /* Theme.xcassets in Resources */ = {isa = PBXBuildFile; fileRef = 8B2B033A2938C6B500168A7A /* Theme.xcassets */; };
		8B2B033E293CFEDE00168A7A /* SearchCell.swift in Sources */ = {isa = PBXBuildFile; fileRef = 8B2B033C293CFEDE00168A7A /* SearchCell.swift */; };
		8B2B033F293CFEDE00168A7A /* SearchCell.xib in Resources */ = {isa = PBXBuildFile; fileRef = 8B2B033D293CFEDE00168A7A /* SearchCell.xib */; };
		8B2B0341293D033200168A7A /* DetailViewController.swift in Sources */ = {isa = PBXBuildFile; fileRef = 8B2B0340293D033200168A7A /* DetailViewController.swift */; };
		8B2B0343293D034D00168A7A /* Detail.storyboard in Resources */ = {isa = PBXBuildFile; fileRef = 8B2B0342293D034D00168A7A /* Detail.storyboard */; };
		8B2B0346293D05C700168A7A /* CategoriesCell.swift in Sources */ = {isa = PBXBuildFile; fileRef = 8B2B0344293D05C700168A7A /* CategoriesCell.swift */; };
		8B2B0347293D05C700168A7A /* CategoriesCell.xib in Resources */ = {isa = PBXBuildFile; fileRef = 8B2B0345293D05C700168A7A /* CategoriesCell.xib */; };
		8B2B0349293D0C4A00168A7A /* UIView + Extensions.swift in Sources */ = {isa = PBXBuildFile; fileRef = 8B2B0348293D0C4A00168A7A /* UIView + Extensions.swift */; };
		8B2B034C293D0D5800168A7A /* RecommendedCell.swift in Sources */ = {isa = PBXBuildFile; fileRef = 8B2B034A293D0D5800168A7A /* RecommendedCell.swift */; };
		8B2B034D293D0D5800168A7A /* RecommendedCell.xib in Resources */ = {isa = PBXBuildFile; fileRef = 8B2B034B293D0D5800168A7A /* RecommendedCell.xib */; };
		8B2B0350293D11F500168A7A /* LatestCell.swift in Sources */ = {isa = PBXBuildFile; fileRef = 8B2B034E293D11F500168A7A /* LatestCell.swift */; };
		8B2B0351293D11F500168A7A /* LatestCell.xib in Resources */ = {isa = PBXBuildFile; fileRef = 8B2B034F293D11F500168A7A /* LatestCell.xib */; };
		8B2B0354293D200300168A7A /* DetailHeaderCell.swift in Sources */ = {isa = PBXBuildFile; fileRef = 8B2B0352293D200300168A7A /* DetailHeaderCell.swift */; };
		8B2B0355293D200300168A7A /* DetailHeaderCell.xib in Resources */ = {isa = PBXBuildFile; fileRef = 8B2B0353293D200300168A7A /* DetailHeaderCell.xib */; };
		8BBCC0A9293E3F8100271BA7 /* CategoriesHeader.swift in Sources */ = {isa = PBXBuildFile; fileRef = 8BBCC0A7293E3F8100271BA7 /* CategoriesHeader.swift */; };
		8BBCC0AA293E3F8100271BA7 /* CategoriesHeader.xib in Resources */ = {isa = PBXBuildFile; fileRef = 8BBCC0A8293E3F8100271BA7 /* CategoriesHeader.xib */; };
		8BBCC0AD293E42B100271BA7 /* RecommendedHeader.swift in Sources */ = {isa = PBXBuildFile; fileRef = 8BBCC0AB293E42B100271BA7 /* RecommendedHeader.swift */; };
		8BBCC0AE293E42B100271BA7 /* RecommendedHeader.xib in Resources */ = {isa = PBXBuildFile; fileRef = 8BBCC0AC293E42B100271BA7 /* RecommendedHeader.xib */; };
		8BBCC0B1293E45D900271BA7 /* LatestHeader.swift in Sources */ = {isa = PBXBuildFile; fileRef = 8BBCC0AF293E45D900271BA7 /* LatestHeader.swift */; };
		8BBCC0B2293E45D900271BA7 /* LatestHeader.xib in Resources */ = {isa = PBXBuildFile; fileRef = 8BBCC0B0293E45D900271BA7 /* LatestHeader.xib */; };
/* End PBXBuildFile section */

/* Begin PBXFileReference section */
		8B2B030D2938450300168A7A /* PizzaApp.app */ = {isa = PBXFileReference; explicitFileType = wrapper.application; includeInIndex = 0; path = PizzaApp.app; sourceTree = BUILT_PRODUCTS_DIR; };
		8B2B03102938450300168A7A /* AppDelegate.swift */ = {isa = PBXFileReference; lastKnownFileType = sourcecode.swift; path = AppDelegate.swift; sourceTree = "<group>"; };
		8B2B03122938450300168A7A /* SceneDelegate.swift */ = {isa = PBXFileReference; lastKnownFileType = sourcecode.swift; path = SceneDelegate.swift; sourceTree = "<group>"; };
		8B2B03142938450300168A7A /* ViewController.swift */ = {isa = PBXFileReference; lastKnownFileType = sourcecode.swift; path = ViewController.swift; sourceTree = "<group>"; };
		8B2B03172938450300168A7A /* Base */ = {isa = PBXFileReference; lastKnownFileType = file.storyboard; name = Base; path = Base.lproj/Main.storyboard; sourceTree = "<group>"; };
		8B2B03192938450400168A7A /* Assets.xcassets */ = {isa = PBXFileReference; lastKnownFileType = folder.assetcatalog; path = Assets.xcassets; sourceTree = "<group>"; };
		8B2B031C2938450400168A7A /* Base */ = {isa = PBXFileReference; lastKnownFileType = file.storyboard; name = Base; path = Base.lproj/LaunchScreen.storyboard; sourceTree = "<group>"; };
		8B2B031E2938450400168A7A /* Info.plist */ = {isa = PBXFileReference; lastKnownFileType = text.plist.xml; path = Info.plist; sourceTree = "<group>"; };
		8B2B03292938495000168A7A /* RegisterableView.swift */ = {isa = PBXFileReference; fileEncoding = 4; lastKnownFileType = sourcecode.swift; path = RegisterableView.swift; sourceTree = "<group>"; };
		8B2B032A2938495000168A7A /* UICollectionView+Extension.swift */ = {isa = PBXFileReference; fileEncoding = 4; lastKnownFileType = sourcecode.swift; path = "UICollectionView+Extension.swift"; sourceTree = "<group>"; };
		8B2B033229385CE100168A7A /* Section.swift */ = {isa = PBXFileReference; lastKnownFileType = sourcecode.swift; path = Section.swift; sourceTree = "<group>"; };
		8B2B033429385CFA00168A7A /* Item.swift */ = {isa = PBXFileReference; lastKnownFileType = sourcecode.swift; path = Item.swift; sourceTree = "<group>"; };
		8B2B033629386F6700168A7A /* HomeHeaderCell.swift */ = {isa = PBXFileReference; lastKnownFileType = sourcecode.swift; path = HomeHeaderCell.swift; sourceTree = "<group>"; };
		8B2B033729386F6700168A7A /* HomeHeaderCell.xib */ = {isa = PBXFileReference; lastKnownFileType = file.xib; path = HomeHeaderCell.xib; sourceTree = "<group>"; };
		8B2B033A2938C6B500168A7A /* Theme.xcassets */ = {isa = PBXFileReference; lastKnownFileType = folder.assetcatalog; path = Theme.xcassets; sourceTree = "<group>"; };
		8B2B033C293CFEDE00168A7A /* SearchCell.swift */ = {isa = PBXFileReference; lastKnownFileType = sourcecode.swift; path = SearchCell.swift; sourceTree = "<group>"; };
		8B2B033D293CFEDE00168A7A /* SearchCell.xib */ = {isa = PBXFileReference; lastKnownFileType = file.xib; path = SearchCell.xib; sourceTree = "<group>"; };
		8B2B0340293D033200168A7A /* DetailViewController.swift */ = {isa = PBXFileReference; fileEncoding = 4; lastKnownFileType = sourcecode.swift; path = DetailViewController.swift; sourceTree = "<group>"; };
		8B2B0342293D034D00168A7A /* Detail.storyboard */ = {isa = PBXFileReference; fileEncoding = 4; lastKnownFileType = file.storyboard; path = Detail.storyboard; sourceTree = "<group>"; };
		8B2B0344293D05C700168A7A /* CategoriesCell.swift */ = {isa = PBXFileReference; lastKnownFileType = sourcecode.swift; path = CategoriesCell.swift; sourceTree = "<group>"; };
		8B2B0345293D05C700168A7A /* CategoriesCell.xib */ = {isa = PBXFileReference; lastKnownFileType = file.xib; path = CategoriesCell.xib; sourceTree = "<group>"; };
		8B2B0348293D0C4A00168A7A /* UIView + Extensions.swift */ = {isa = PBXFileReference; fileEncoding = 4; lastKnownFileType = sourcecode.swift; path = "UIView + Extensions.swift"; sourceTree = "<group>"; };
		8B2B034A293D0D5800168A7A /* RecommendedCell.swift */ = {isa = PBXFileReference; lastKnownFileType = sourcecode.swift; path = RecommendedCell.swift; sourceTree = "<group>"; };
		8B2B034B293D0D5800168A7A /* RecommendedCell.xib */ = {isa = PBXFileReference; lastKnownFileType = file.xib; path = RecommendedCell.xib; sourceTree = "<group>"; };
		8B2B034E293D11F500168A7A /* LatestCell.swift */ = {isa = PBXFileReference; lastKnownFileType = sourcecode.swift; path = LatestCell.swift; sourceTree = "<group>"; };
		8B2B034F293D11F500168A7A /* LatestCell.xib */ = {isa = PBXFileReference; lastKnownFileType = file.xib; path = LatestCell.xib; sourceTree = "<group>"; };
		8B2B0352293D200300168A7A /* DetailHeaderCell.swift */ = {isa = PBXFileReference; lastKnownFileType = sourcecode.swift; path = DetailHeaderCell.swift; sourceTree = "<group>"; };
		8B2B0353293D200300168A7A /* DetailHeaderCell.xib */ = {isa = PBXFileReference; lastKnownFileType = file.xib; path = DetailHeaderCell.xib; sourceTree = "<group>"; };
		8BBCC0A7293E3F8100271BA7 /* CategoriesHeader.swift */ = {isa = PBXFileReference; lastKnownFileType = sourcecode.swift; path = CategoriesHeader.swift; sourceTree = "<group>"; };
		8BBCC0A8293E3F8100271BA7 /* CategoriesHeader.xib */ = {isa = PBXFileReference; lastKnownFileType = file.xib; path = CategoriesHeader.xib; sourceTree = "<group>"; };
		8BBCC0AB293E42B100271BA7 /* RecommendedHeader.swift */ = {isa = PBXFileReference; lastKnownFileType = sourcecode.swift; path = RecommendedHeader.swift; sourceTree = "<group>"; };
		8BBCC0AC293E42B100271BA7 /* RecommendedHeader.xib */ = {isa = PBXFileReference; lastKnownFileType = file.xib; path = RecommendedHeader.xib; sourceTree = "<group>"; };
		8BBCC0AF293E45D900271BA7 /* LatestHeader.swift */ = {isa = PBXFileReference; lastKnownFileType = sourcecode.swift; path = LatestHeader.swift; sourceTree = "<group>"; };
		8BBCC0B0293E45D900271BA7 /* LatestHeader.xib */ = {isa = PBXFileReference; lastKnownFileType = file.xib; path = LatestHeader.xib; sourceTree = "<group>"; };
/* End PBXFileReference section */

/* Begin PBXFrameworksBuildPhase section */
		8B2B030A2938450300168A7A /* Frameworks */ = {
			isa = PBXFrameworksBuildPhase;
			buildActionMask = 2147483647;
			files = (
			);
			runOnlyForDeploymentPostprocessing = 0;
		};
/* End PBXFrameworksBuildPhase section */

/* Begin PBXGroup section */
		8B2B03042938450300168A7A = {
			isa = PBXGroup;
			children = (
				8B2B030F2938450300168A7A /* PizzaApp */,
				8B2B030E2938450300168A7A /* Products */,
			);
			sourceTree = "<group>";
		};
		8B2B030E2938450300168A7A /* Products */ = {
			isa = PBXGroup;
			children = (
				8B2B030D2938450300168A7A /* PizzaApp.app */,
			);
			name = Products;
			sourceTree = "<group>";
		};
		8B2B030F2938450300168A7A /* PizzaApp */ = {
			isa = PBXGroup;
			children = (
				8B2B033129385CC400168A7A /* Models */,
				8B2B03282938495000168A7A /* Utilities */,
				8B2B032D2938496700168A7A /* Cells */,
				8B2B03102938450300168A7A /* AppDelegate.swift */,
				8B2B03122938450300168A7A /* SceneDelegate.swift */,
				8B2B03142938450300168A7A /* ViewController.swift */,
				8B2B0340293D033200168A7A /* DetailViewController.swift */,
				8B2B032E29384B4300168A7A /* Storyboards */,
				8B2B03192938450400168A7A /* Assets.xcassets */,
				8B2B033A2938C6B500168A7A /* Theme.xcassets */,
				8B2B031B2938450400168A7A /* LaunchScreen.storyboard */,
				8B2B031E2938450400168A7A /* Info.plist */,
				8B2B0348293D0C4A00168A7A /* UIView + Extensions.swift */,
			);
			path = PizzaApp;
			sourceTree = "<group>";
		};
		8B2B03282938495000168A7A /* Utilities */ = {
			isa = PBXGroup;
			children = (
				8B2B03292938495000168A7A /* RegisterableView.swift */,
				8B2B032A2938495000168A7A /* UICollectionView+Extension.swift */,
			);
			path = Utilities;
			sourceTree = "<group>";
		};
		8B2B032D2938496700168A7A /* Cells */ = {
			isa = PBXGroup;
			children = (
				8B2B033629386F6700168A7A /* HomeHeaderCell.swift */,
				8B2B033729386F6700168A7A /* HomeHeaderCell.xib */,
				8B2B033C293CFEDE00168A7A /* SearchCell.swift */,
				8B2B033D293CFEDE00168A7A /* SearchCell.xib */,
				8B2B0344293D05C700168A7A /* CategoriesCell.swift */,
				8B2B0345293D05C700168A7A /* CategoriesCell.xib */,
				8B2B034A293D0D5800168A7A /* RecommendedCell.swift */,
				8B2B034B293D0D5800168A7A /* RecommendedCell.xib */,
				8B2B034E293D11F500168A7A /* LatestCell.swift */,
				8B2B034F293D11F500168A7A /* LatestCell.xib */,
				8B2B0352293D200300168A7A /* DetailHeaderCell.swift */,
				8B2B0353293D200300168A7A /* DetailHeaderCell.xib */,
				8BBCC0A7293E3F8100271BA7 /* CategoriesHeader.swift */,
				8BBCC0A8293E3F8100271BA7 /* CategoriesHeader.xib */,
				8BBCC0AB293E42B100271BA7 /* RecommendedHeader.swift */,
				8BBCC0AC293E42B100271BA7 /* RecommendedHeader.xib */,
				8BBCC0AF293E45D900271BA7 /* LatestHeader.swift */,
				8BBCC0B0293E45D900271BA7 /* LatestHeader.xib */,
			);
			path = Cells;
			sourceTree = "<group>";
		};
		8B2B032E29384B4300168A7A /* Storyboards */ = {
			isa = PBXGroup;
			children = (
				8B2B03162938450300168A7A /* Main.storyboard */,
				8B2B0342293D034D00168A7A /* Detail.storyboard */,
			);
			path = Storyboards;
			sourceTree = "<group>";
		};
		8B2B033129385CC400168A7A /* Models */ = {
			isa = PBXGroup;
			children = (
				8B2B033229385CE100168A7A /* Section.swift */,
				8B2B033429385CFA00168A7A /* Item.swift */,
			);
			path = Models;
			sourceTree = "<group>";
		};
/* End PBXGroup section */

/* Begin PBXNativeTarget section */
		8B2B030C2938450300168A7A /* PizzaApp */ = {
			isa = PBXNativeTarget;
			buildConfigurationList = 8B2B03212938450400168A7A /* Build configuration list for PBXNativeTarget "PizzaApp" */;
			buildPhases = (
				8B2B03092938450300168A7A /* Sources */,
				8B2B030A2938450300168A7A /* Frameworks */,
				8B2B030B2938450300168A7A /* Resources */,
			);
			buildRules = (
			);
			dependencies = (
			);
			name = PizzaApp;
			productName = PizzaApp;
			productReference = 8B2B030D2938450300168A7A /* PizzaApp.app */;
			productType = "com.apple.product-type.application";
		};
/* End PBXNativeTarget section */

/* Begin PBXProject section */
		8B2B03052938450300168A7A /* Project object */ = {
			isa = PBXProject;
			attributes = {
				BuildIndependentTargetsInParallel = 1;
				LastSwiftUpdateCheck = 1410;
				LastUpgradeCheck = 1410;
				TargetAttributes = {
					8B2B030C2938450300168A7A = {
						CreatedOnToolsVersion = 14.1;
					};
				};
			};
			buildConfigurationList = 8B2B03082938450300168A7A /* Build configuration list for PBXProject "PizzaApp" */;
			compatibilityVersion = "Xcode 14.0";
			developmentRegion = en;
			hasScannedForEncodings = 0;
			knownRegions = (
				en,
				Base,
			);
			mainGroup = 8B2B03042938450300168A7A;
			productRefGroup = 8B2B030E2938450300168A7A /* Products */;
			projectDirPath = "";
			projectRoot = "";
			targets = (
				8B2B030C2938450300168A7A /* PizzaApp */,
			);
		};
/* End PBXProject section */

/* Begin PBXResourcesBuildPhase section */
		8B2B030B2938450300168A7A /* Resources */ = {
			isa = PBXResourcesBuildPhase;
			buildActionMask = 2147483647;
			files = (
				8BBCC0AE293E42B100271BA7 /* RecommendedHeader.xib in Resources */,
				8B2B034D293D0D5800168A7A /* RecommendedCell.xib in Resources */,
				8B2B033929386F6700168A7A /* HomeHeaderCell.xib in Resources */,
				8B2B0355293D200300168A7A /* DetailHeaderCell.xib in Resources */,
				8B2B0347293D05C700168A7A /* CategoriesCell.xib in Resources */,
				8BBCC0B2293E45D900271BA7 /* LatestHeader.xib in Resources */,
				8B2B031D2938450400168A7A /* LaunchScreen.storyboard in Resources */,
				8B2B031A2938450400168A7A /* Assets.xcassets in Resources */,
				8B2B033B2938C6B500168A7A /* Theme.xcassets in Resources */,
				8B2B0351293D11F500168A7A /* LatestCell.xib in Resources */,
				8BBCC0AA293E3F8100271BA7 /* CategoriesHeader.xib in Resources */,
				8B2B0343293D034D00168A7A /* Detail.storyboard in Resources */,
				8B2B033F293CFEDE00168A7A /* SearchCell.xib in Resources */,
				8B2B03182938450300168A7A /* Main.storyboard in Resources */,
			);
			runOnlyForDeploymentPostprocessing = 0;
		};
/* End PBXResourcesBuildPhase section */

/* Begin PBXSourcesBuildPhase section */
		8B2B03092938450300168A7A /* Sources */ = {
			isa = PBXSourcesBuildPhase;
			buildActionMask = 2147483647;
			files = (
				8BBCC0A9293E3F8100271BA7 /* CategoriesHeader.swift in Sources */,
				8B2B032C2938495000168A7A /* UICollectionView+Extension.swift in Sources */,
				8B2B033E293CFEDE00168A7A /* SearchCell.swift in Sources */,
				8BBCC0B1293E45D900271BA7 /* LatestHeader.swift in Sources */,
				8B2B03152938450300168A7A /* ViewController.swift in Sources */,
				8B2B0346293D05C700168A7A /* CategoriesCell.swift in Sources */,
				8B2B0349293D0C4A00168A7A /* UIView + Extensions.swift in Sources */,
				8B2B032B2938495000168A7A /* RegisterableView.swift in Sources */,
				8B2B0350293D11F500168A7A /* LatestCell.swift in Sources */,
				8B2B034C293D0D5800168A7A /* RecommendedCell.swift in Sources */,
				8B2B033329385CE100168A7A /* Section.swift in Sources */,
				8B2B033529385CFA00168A7A /* Item.swift in Sources */,
				8B2B03112938450300168A7A /* AppDelegate.swift in Sources */,
				8B2B0341293D033200168A7A /* DetailViewController.swift in Sources */,
				8B2B03132938450300168A7A /* SceneDelegate.swift in Sources */,
				8BBCC0AD293E42B100271BA7 /* RecommendedHeader.swift in Sources */,
				8B2B033829386F6700168A7A /* HomeHeaderCell.swift in Sources */,
				8B2B0354293D200300168A7A /* DetailHeaderCell.swift in Sources */,
			);
			runOnlyForDeploymentPostprocessing = 0;
		};
/* End PBXSourcesBuildPhase section */

/* Begin PBXVariantGroup section */
		8B2B03162938450300168A7A /* Main.storyboard */ = {
			isa = PBXVariantGroup;
			children = (
				8B2B03172938450300168A7A /* Base */,
			);
			name = Main.storyboard;
			sourceTree = "<group>";
		};
		8B2B031B2938450400168A7A /* LaunchScreen.storyboard */ = {
			isa = PBXVariantGroup;
			children = (
				8B2B031C2938450400168A7A /* Base */,
			);
			name = LaunchScreen.storyboard;
			sourceTree = "<group>";
		};
/* End PBXVariantGroup section */

/* Begin XCBuildConfiguration section */
		8B2B031F2938450400168A7A /* Debug */ = {
			isa = XCBuildConfiguration;
			buildSettings = {
				ALWAYS_SEARCH_USER_PATHS = NO;
				CLANG_ANALYZER_NONNULL = YES;
				CLANG_ANALYZER_NUMBER_OBJECT_CONVERSION = YES_AGGRESSIVE;
				CLANG_CXX_LANGUAGE_STANDARD = "gnu++20";
				CLANG_ENABLE_MODULES = YES;
				CLANG_ENABLE_OBJC_ARC = YES;
				CLANG_ENABLE_OBJC_WEAK = YES;
				CLANG_WARN_BLOCK_CAPTURE_AUTORELEASING = YES;
				CLANG_WARN_BOOL_CONVERSION = YES;
				CLANG_WARN_COMMA = YES;
				CLANG_WARN_CONSTANT_CONVERSION = YES;
				CLANG_WARN_DEPRECATED_OBJC_IMPLEMENTATIONS = YES;
				CLANG_WARN_DIRECT_OBJC_ISA_USAGE = YES_ERROR;
				CLANG_WARN_DOCUMENTATION_COMMENTS = YES;
				CLANG_WARN_EMPTY_BODY = YES;
				CLANG_WARN_ENUM_CONVERSION = YES;
				CLANG_WARN_INFINITE_RECURSION = YES;
				CLANG_WARN_INT_CONVERSION = YES;
				CLANG_WARN_NON_LITERAL_NULL_CONVERSION = YES;
				CLANG_WARN_OBJC_IMPLICIT_RETAIN_SELF = YES;
				CLANG_WARN_OBJC_LITERAL_CONVERSION = YES;
				CLANG_WARN_OBJC_ROOT_CLASS = YES_ERROR;
				CLANG_WARN_QUOTED_INCLUDE_IN_FRAMEWORK_HEADER = YES;
				CLANG_WARN_RANGE_LOOP_ANALYSIS = YES;
				CLANG_WARN_STRICT_PROTOTYPES = YES;
				CLANG_WARN_SUSPICIOUS_MOVE = YES;
				CLANG_WARN_UNGUARDED_AVAILABILITY = YES_AGGRESSIVE;
				CLANG_WARN_UNREACHABLE_CODE = YES;
				CLANG_WARN__DUPLICATE_METHOD_MATCH = YES;
				COPY_PHASE_STRIP = NO;
				DEBUG_INFORMATION_FORMAT = dwarf;
				ENABLE_STRICT_OBJC_MSGSEND = YES;
				ENABLE_TESTABILITY = YES;
				GCC_C_LANGUAGE_STANDARD = gnu11;
				GCC_DYNAMIC_NO_PIC = NO;
				GCC_NO_COMMON_BLOCKS = YES;
				GCC_OPTIMIZATION_LEVEL = 0;
				GCC_PREPROCESSOR_DEFINITIONS = (
					"DEBUG=1",
					"$(inherited)",
				);
				GCC_WARN_64_TO_32_BIT_CONVERSION = YES;
				GCC_WARN_ABOUT_RETURN_TYPE = YES_ERROR;
				GCC_WARN_UNDECLARED_SELECTOR = YES;
				GCC_WARN_UNINITIALIZED_AUTOS = YES_AGGRESSIVE;
				GCC_WARN_UNUSED_FUNCTION = YES;
				GCC_WARN_UNUSED_VARIABLE = YES;
				IPHONEOS_DEPLOYMENT_TARGET = 16.1;
				MTL_ENABLE_DEBUG_INFO = INCLUDE_SOURCE;
				MTL_FAST_MATH = YES;
				ONLY_ACTIVE_ARCH = YES;
				SDKROOT = iphoneos;
				SWIFT_ACTIVE_COMPILATION_CONDITIONS = DEBUG;
				SWIFT_OPTIMIZATION_LEVEL = "-Onone";
			};
			name = Debug;
		};
		8B2B03202938450400168A7A /* Release */ = {
			isa = XCBuildConfiguration;
			buildSettings = {
				ALWAYS_SEARCH_USER_PATHS = NO;
				CLANG_ANALYZER_NONNULL = YES;
				CLANG_ANALYZER_NUMBER_OBJECT_CONVERSION = YES_AGGRESSIVE;
				CLANG_CXX_LANGUAGE_STANDARD = "gnu++20";
				CLANG_ENABLE_MODULES = YES;
				CLANG_ENABLE_OBJC_ARC = YES;
				CLANG_ENABLE_OBJC_WEAK = YES;
				CLANG_WARN_BLOCK_CAPTURE_AUTORELEASING = YES;
				CLANG_WARN_BOOL_CONVERSION = YES;
				CLANG_WARN_COMMA = YES;
				CLANG_WARN_CONSTANT_CONVERSION = YES;
				CLANG_WARN_DEPRECATED_OBJC_IMPLEMENTATIONS = YES;
				CLANG_WARN_DIRECT_OBJC_ISA_USAGE = YES_ERROR;
				CLANG_WARN_DOCUMENTATION_COMMENTS = YES;
				CLANG_WARN_EMPTY_BODY = YES;
				CLANG_WARN_ENUM_CONVERSION = YES;
				CLANG_WARN_INFINITE_RECURSION = YES;
				CLANG_WARN_INT_CONVERSION = YES;
				CLANG_WARN_NON_LITERAL_NULL_CONVERSION = YES;
				CLANG_WARN_OBJC_IMPLICIT_RETAIN_SELF = YES;
				CLANG_WARN_OBJC_LITERAL_CONVERSION = YES;
				CLANG_WARN_OBJC_ROOT_CLASS = YES_ERROR;
				CLANG_WARN_QUOTED_INCLUDE_IN_FRAMEWORK_HEADER = YES;
				CLANG_WARN_RANGE_LOOP_ANALYSIS = YES;
				CLANG_WARN_STRICT_PROTOTYPES = YES;
				CLANG_WARN_SUSPICIOUS_MOVE = YES;
				CLANG_WARN_UNGUARDED_AVAILABILITY = YES_AGGRESSIVE;
				CLANG_WARN_UNREACHABLE_CODE = YES;
				CLANG_WARN__DUPLICATE_METHOD_MATCH = YES;
				COPY_PHASE_STRIP = NO;
				DEBUG_INFORMATION_FORMAT = "dwarf-with-dsym";
				ENABLE_NS_ASSERTIONS = NO;
				ENABLE_STRICT_OBJC_MSGSEND = YES;
				GCC_C_LANGUAGE_STANDARD = gnu11;
				GCC_NO_COMMON_BLOCKS = YES;
				GCC_WARN_64_TO_32_BIT_CONVERSION = YES;
				GCC_WARN_ABOUT_RETURN_TYPE = YES_ERROR;
				GCC_WARN_UNDECLARED_SELECTOR = YES;
				GCC_WARN_UNINITIALIZED_AUTOS = YES_AGGRESSIVE;
				GCC_WARN_UNUSED_FUNCTION = YES;
				GCC_WARN_UNUSED_VARIABLE = YES;
				IPHONEOS_DEPLOYMENT_TARGET = 16.1;
				MTL_ENABLE_DEBUG_INFO = NO;
				MTL_FAST_MATH = YES;
				SDKROOT = iphoneos;
				SWIFT_COMPILATION_MODE = wholemodule;
				SWIFT_OPTIMIZATION_LEVEL = "-O";
				VALIDATE_PRODUCT = YES;
			};
			name = Release;
		};
		8B2B03222938450400168A7A /* Debug */ = {
			isa = XCBuildConfiguration;
			buildSettings = {
				ASSETCATALOG_COMPILER_APPICON_NAME = AppIcon;
				ASSETCATALOG_COMPILER_GLOBAL_ACCENT_COLOR_NAME = AccentColor;
				CODE_SIGN_STYLE = Automatic;
				CURRENT_PROJECT_VERSION = 1;
				GENERATE_INFOPLIST_FILE = YES;
				INFOPLIST_FILE = PizzaApp/Info.plist;
				INFOPLIST_KEY_UIApplicationSupportsIndirectInputEvents = YES;
				INFOPLIST_KEY_UILaunchStoryboardName = LaunchScreen;
				INFOPLIST_KEY_UIMainStoryboardFile = Main;
				INFOPLIST_KEY_UISupportedInterfaceOrientations_iPad = "UIInterfaceOrientationPortrait UIInterfaceOrientationPortraitUpsideDown UIInterfaceOrientationLandscapeLeft UIInterfaceOrientationLandscapeRight";
				INFOPLIST_KEY_UISupportedInterfaceOrientations_iPhone = "UIInterfaceOrientationPortrait UIInterfaceOrientationLandscapeLeft UIInterfaceOrientationLandscapeRight";
				LD_RUNPATH_SEARCH_PATHS = (
					"$(inherited)",
					"@executable_path/Frameworks",
				);
				MARKETING_VERSION = 1.0;
				PRODUCT_BUNDLE_IDENTIFIER = EdFarm.PizzaApp;
				PRODUCT_NAME = "$(TARGET_NAME)";
				SWIFT_EMIT_LOC_STRINGS = YES;
				SWIFT_VERSION = 5.0;
				TARGETED_DEVICE_FAMILY = "1,2";
			};
			name = Debug;
		};
		8B2B03232938450400168A7A /* Release */ = {
			isa = XCBuildConfiguration;
			buildSettings = {
				ASSETCATALOG_COMPILER_APPICON_NAME = AppIcon;
				ASSETCATALOG_COMPILER_GLOBAL_ACCENT_COLOR_NAME = AccentColor;
				CODE_SIGN_STYLE = Automatic;
				CURRENT_PROJECT_VERSION = 1;
				GENERATE_INFOPLIST_FILE = YES;
				INFOPLIST_FILE = PizzaApp/Info.plist;
				INFOPLIST_KEY_UIApplicationSupportsIndirectInputEvents = YES;
				INFOPLIST_KEY_UILaunchStoryboardName = LaunchScreen;
				INFOPLIST_KEY_UIMainStoryboardFile = Main;
				INFOPLIST_KEY_UISupportedInterfaceOrientations_iPad = "UIInterfaceOrientationPortrait UIInterfaceOrientationPortraitUpsideDown UIInterfaceOrientationLandscapeLeft UIInterfaceOrientationLandscapeRight";
				INFOPLIST_KEY_UISupportedInterfaceOrientations_iPhone = "UIInterfaceOrientationPortrait UIInterfaceOrientationLandscapeLeft UIInterfaceOrientationLandscapeRight";
				LD_RUNPATH_SEARCH_PATHS = (
					"$(inherited)",
					"@executable_path/Frameworks",
				);
				MARKETING_VERSION = 1.0;
				PRODUCT_BUNDLE_IDENTIFIER = EdFarm.PizzaApp;
				PRODUCT_NAME = "$(TARGET_NAME)";
				SWIFT_EMIT_LOC_STRINGS = YES;
				SWIFT_VERSION = 5.0;
				TARGETED_DEVICE_FAMILY = "1,2";
			};
			name = Release;
		};
/* End XCBuildConfiguration section */

/* Begin XCConfigurationList section */
		8B2B03082938450300168A7A /* Build configuration list for PBXProject "PizzaApp" */ = {
			isa = XCConfigurationList;
			buildConfigurations = (
				8B2B031F2938450400168A7A /* Debug */,
				8B2B03202938450400168A7A /* Release */,
			);
			defaultConfigurationIsVisible = 0;
			defaultConfigurationName = Release;
		};
		8B2B03212938450400168A7A /* Build configuration list for PBXNativeTarget "PizzaApp" */ = {
			isa = XCConfigurationList;
			buildConfigurations = (
				8B2B03222938450400168A7A /* Debug */,
				8B2B03232938450400168A7A /* Release */,
			);
			defaultConfigurationIsVisible = 0;
			defaultConfigurationName = Release;
		};
/* End XCConfigurationList section */
	};
	rootObject = 8B2B03052938450300168A7A /* Project object */;
}
